# This file is automatically @generated by Cargo.
# It is not intended for manual editing.
version = 4

[[package]]
name = "common"
version = "0.1.0"

[[package]]
name = "file_systems"
version = "0.1.0"

[[package]]
name = "memory"
version = "0.1.0"

[[package]]
name = "network_stack"
version = "0.1.0"

[[package]]
name = "proc_management"
version = "0.1.0"
